
Microsoft Visual Studio Solution File, Format Version 12.00
# Visual Studio Version 16
VisualStudioVersion = 16.0.29209.62
MinimumVisualStudioVersion = 10.0.40219.1
Project("{FAE04EC0-301F-11D3-BF4B-00C04F79EFBC}") = "08.22.2019 weekend task", "..\..\..\..\source\repos\Weekend task\08.22.2019 weekend task\08.22.2019 weekend task.csproj", "{5592F581-5CE5-44CD-A731-843187873BCF}"
EndProject
Global
	GlobalSection(SolutionConfigurationPlatforms) = preSolution
		Debug|Any CPU = Debug|Any CPU
		Release|Any CPU = Release|Any CPU
	EndGlobalSection
	GlobalSection(ProjectConfigurationPlatforms) = postSolution
		{5592F581-5CE5-44CD-A731-843187873BCF}.Debug|Any CPU.ActiveCfg = Debug|Any CPU
		{5592F581-5CE5-44CD-A731-843187873BCF}.Debug|Any CPU.Build.0 = Debug|Any CPU
		{5592F581-5CE5-44CD-A731-843187873BCF}.Release|Any CPU.ActiveCfg = Release|Any CPU
		{5592F581-5CE5-44CD-A731-843187873BCF}.Release|Any CPU.Build.0 = Release|Any CPU
	EndGlobalSection
	GlobalSection(SolutionProperties) = preSolution
		HideSolutionNode = FALSE
	EndGlobalSection
	GlobalSection(ExtensibilityGlobals) = postSolution
		SolutionGuid = {5559E9D0-B9C4-4404-B247-0BA4EE5E5415}
	EndGlobalSection
EndGlobal
